<?xml version="1.0" encoding="utf-8"?>
<Project ToolsVersion="4.0" xmlns="http://schemas.microsoft.com/developer/msbuild/2003">
  <ItemGroup>
    <Filter Include="Source Files">
      <UniqueIdentifier>{4FC737F1-C7A5-4376-A066-2A32D752A2FF}</UniqueIdentifier>
      <Extensions>cpp;c;cc;cxx;def;odl;idl;hpj;bat;asm;asmx</Extensions>
    </Filter>
    <Filter Include="Header Files">
      <UniqueIdentifier>{93995380-89BD-4b04-88EB-625FBE52EBFB}</UniqueIdentifier>
      <Extensions>h;hh;hpp;hxx;hm;inl;inc;ipp;xsd</Extensions>
    </Filter>
    <Filter Include="Resource Files">
      <UniqueIdentifier>{67DA6AB6-F800-4c08-8B7A-83BB121AAD01}</UniqueIdentifier>
      <Extensions>rc;ico;cur;bmp;dlg;rc2;rct;bin;rgs;gif;jpg;jpeg;jpe;resx;tiff;tif;png;wav;mfcribbon-ms</Extensions>
    </Filter>
    <Filter Include="Data">
      <UniqueIdentifier>{f6fa703b-28f6-439b-b069-2acc6ab6bfcc}</UniqueIdentifier>
    </Filter>
  </ItemGroup>
  <ItemGroup>
    <ClInclude Include="stdafx.h">
      <Filter>Header Files</Filter>
    </ClInclude>
    <ClInclude Include="targetver.h">
      <Filter>Header Files</Filter>
    </ClInclude>
    <ClInclude Include="fib.h">
      <Filter>Header Files</Filter>
    </ClInclude>
    <ClInclude Include="sum-squares-euler6.h">
      <Filter>Header Files</Filter>
    </ClInclude>
    <ClInclude Include="maximum-path.h">
      <Filter>Header Files</Filter>
    </ClInclude>
    <ClInclude Include="math-utils.h">
      <Filter>Header Files</Filter>
    </ClInclude>
    <ClInclude Include="euler.h">
      <Filter>Header Files</Filter>
    </ClInclude>
    <ClInclude Include="collatz.h">
      <Filter>Header Files</Filter>
    </ClInclude>
    <ClInclude Include="file-utils.h">
      <Filter>Header Files</Filter>
    </ClInclude>
    <ClInclude Include="lattice-paths-euler15.h">
      <Filter>Header Files</Filter>
    </ClInclude>
    <ClInclude Include="sieveEratosthenes.h">
      <Filter>Header Files</Filter>
    </ClInclude>
    <ClInclude Include="sum-of-multiples-euler1.h">
      <Filter>Header Files</Filter>
    </ClInclude>
    <ClInclude Include="pythag-triplet-product-euler9.h">
      <Filter>Header Files</Filter>
    </ClInclude>
  </ItemGroup>
  <ItemGroup>
    <ClCompile Include="stdafx.cpp">
      <Filter>Source Files</Filter>
    </ClCompile>
    <ClCompile Include="maximum-path.cpp">
      <Filter>Source Files</Filter>
    </ClCompile>
    <ClCompile Include="main.cpp">
      <Filter>Source Files</Filter>
    </ClCompile>
    <ClCompile Include="collatz.cpp">
      <Filter>Source Files</Filter>
    </ClCompile>
    <ClCompile Include="min-path-sum-two-ways.cpp">
      <Filter>Source Files</Filter>
    </ClCompile>
    <ClCompile Include="file-utils.cpp">
      <Filter>Source Files</Filter>
    </ClCompile>
    <ClCompile Include="palindrome-product.cpp">
      <Filter>Source Files</Filter>
    </ClCompile>
    <ClCompile Include="min-path-sum-three-ways.cpp">
      <Filter>Source Files</Filter>
    </ClCompile>
    <ClCompile Include="min-path-sum-four-ways.cpp">
      <Filter>Source Files</Filter>
    </ClCompile>
    <ClCompile Include="nth-prime-euler7.cpp">
      <Filter>Source Files</Filter>
    </ClCompile>
    <ClCompile Include="largest-series-product-euler8.cpp">
      <Filter>Source Files</Filter>
    </ClCompile>
    <ClCompile Include="sum-of-primes-euler10.cpp">
      <Filter>Source Files</Filter>
    </ClCompile>
    <ClCompile Include="number-letter-counts-euler17.cpp">
      <Filter>Source Files</Filter>
    </ClCompile>
    <ClCompile Include="name-scores-euler22.cpp">
      <Filter>Source Files</Filter>
    </ClCompile>
    <ClCompile Include="largest-grid-product-euler11.cpp">
      <Filter>Source Files</Filter>
    </ClCompile>
  </ItemGroup>
  <ItemGroup>
    <Text Include="path-sum-matrix.txt">
      <Filter>Data</Filter>
    </Text>
    <Text Include="euler8.txt">
      <Filter>Data</Filter>
    </Text>
    <Text Include="euler22.txt">
      <Filter>Data</Filter>
    </Text>
    <Text Include="euler11.txt">
      <Filter>Data</Filter>
    </Text>
    <Text Include="euler18.txt">
      <Filter>Data</Filter>
    </Text>
    <Text Include="euler67.txt">
      <Filter>Data</Filter>
    </Text>
  </ItemGroup>
</Project>